
Microsoft Visual Studio Solution File, Format Version 12.00
# Visual Studio Version 16
VisualStudioVersion = 16.0.30611.23
MinimumVisualStudioVersion = 10.0.40219.1
Project("{FAE04EC0-301F-11D3-BF4B-00C04F79EFBC}") = "Laba_6", "Laba_6\Laba_6.csproj", "{C320B391-63B5-48A9-A191-B23C8A7B733F}"
EndProject
Global
	GlobalSection(SolutionConfigurationPlatforms) = preSolution
		Debug|Any CPU = Debug|Any CPU
		Release|Any CPU = Release|Any CPU
	EndGlobalSection
	GlobalSection(ProjectConfigurationPlatforms) = postSolution
		{C320B391-63B5-48A9-A191-B23C8A7B733F}.Debug|Any CPU.ActiveCfg = Debug|Any CPU
		{C320B391-63B5-48A9-A191-B23C8A7B733F}.Debug|Any CPU.Build.0 = Debug|Any CPU
		{C320B391-63B5-48A9-A191-B23C8A7B733F}.Release|Any CPU.ActiveCfg = Release|Any CPU
		{C320B391-63B5-48A9-A191-B23C8A7B733F}.Release|Any CPU.Build.0 = Release|Any CPU
	EndGlobalSection
	GlobalSection(SolutionProperties) = preSolution
		HideSolutionNode = FALSE
	EndGlobalSection
	GlobalSection(ExtensibilityGlobals) = postSolution
		SolutionGuid = {58699D3F-5E98-42E6-8049-45B01D569D7F}
	EndGlobalSection
EndGlobal
